{
  "version": 4,
  "terraform_version": "1.3.6",
  "serial": 5,
  "lineage": "4818ce9b-098c-3e81-01a8-05aacc5e8d66",
  "outputs": {},
  "resources": [
    {
      "mode": "data",
      "type": "kubectl_path_documents",
      "name": "admin_account_creation_documents",
      "provider": "provider[\"registry.terraform.io/gavinbunney/kubectl\"]",
      "instances": [
        {
          "schema_version": 0,
          "attributes": {
            "disable_template": false,
            "documents": [
              "apiVersion: rbac.authorization.k8s.io/v1\nkind: ClusterRoleBinding\n\nmetadata:\n    name: admin-cluster-role-binding\n\nroleRef:\n    apiGroup: rbac.authorization.k8s.io\n    kind: ClusterRole\n    name: cluster-admin\n\nsubjects:\n    - kind: ServiceAccount\n      name: admin-service-account\n      namespace: kubernetes-dashboard",
              "apiVersion: v1\nkind: ServiceAccount\n\nmetadata:\n    name: admin-service-account\n    namespace: kubernetes-dashboard",
              "apiVersion: networking.k8s.io/v1\nkind: Ingress\n\nmetadata:\n    name: kubernetes-dashboard\n    namespace: kubernetes-dashboard\n    annotations:\n        traefik.ingress.kubernetes.io/router.entrypoints: web\n\nspec:\n    rules:\n        - host: dashboard.kubernetes.127.0.0.1.nip.io\n          http:\n              paths:\n                  - path: /\n                    pathType: Prefix\n                    backend:\n                        service:\n                            name: kubernetes-dashboard\n                            port:\n                                number: 443"
            ],
            "id": "424670c49145396c8accc57f02adf9765df5fb6d6d7144ec917c806bf0448d44",
            "manifests": {
              "/api/v1/namespaces/kubernetes-dashboard/serviceaccounts/admin-service-account": "apiVersion: v1\nkind: ServiceAccount\nmetadata:\n  name: admin-service-account\n  namespace: kubernetes-dashboard\n",
              "/apis/networking.k8s.io/v1/namespaces/kubernetes-dashboard/ingresses/kubernetes-dashboard": "apiVersion: networking.k8s.io/v1\nkind: Ingress\nmetadata:\n  annotations:\n    traefik.ingress.kubernetes.io/router.entrypoints: web\n  name: kubernetes-dashboard\n  namespace: kubernetes-dashboard\nspec:\n  rules:\n  - host: dashboard.kubernetes.127.0.0.1.nip.io\n    http:\n      paths:\n      - backend:\n          service:\n            name: kubernetes-dashboard\n            port:\n              number: 443\n        path: /\n        pathType: Prefix\n",
              "/apis/rbac.authorization.k8s.io/v1/clusterrolebindings/admin-cluster-role-binding": "apiVersion: rbac.authorization.k8s.io/v1\nkind: ClusterRoleBinding\nmetadata:\n  name: admin-cluster-role-binding\nroleRef:\n  apiGroup: rbac.authorization.k8s.io\n  kind: ClusterRole\n  name: cluster-admin\nsubjects:\n- kind: ServiceAccount\n  name: admin-service-account\n  namespace: kubernetes-dashboard\n"
            },
            "pattern": "./manifests/*.yaml",
            "sensitive_vars": null,
            "vars": null
          },
          "sensitive_attributes": []
        }
      ]
    },
    {
      "mode": "managed",
      "type": "helm_release",
      "name": "kubernetes_dashboard",
      "provider": "provider[\"registry.terraform.io/hashicorp/helm\"]",
      "instances": [
        {
          "schema_version": 0,
          "attributes": {
            "atomic": false,
            "chart": "kubernetes-dashboard",
            "cleanup_on_fail": false,
            "create_namespace": true,
            "dependency_update": false,
            "description": null,
            "devel": null,
            "disable_crd_hooks": false,
            "disable_openapi_validation": false,
            "disable_webhooks": false,
            "force_update": false,
            "id": "kubernetes-dashboard",
            "keyring": null,
            "lint": false,
            "manifest": null,
            "max_history": 0,
            "metadata": [
              {
                "app_version": "2.7.0",
                "chart": "kubernetes-dashboard",
                "name": "kubernetes-dashboard",
                "namespace": "kubernetes-dashboard",
                "revision": 1,
                "values": "{\"dashboard.sessionTimeout\":14400}",
                "version": "6.0.0"
              }
            ],
            "name": "kubernetes-dashboard",
            "namespace": "kubernetes-dashboard",
            "pass_credentials": false,
            "postrender": [],
            "recreate_pods": false,
            "render_subchart_notes": true,
            "replace": false,
            "repository": "https://kubernetes.github.io/dashboard",
            "repository_ca_file": null,
            "repository_cert_file": null,
            "repository_key_file": null,
            "repository_password": null,
            "repository_username": null,
            "reset_values": false,
            "reuse_values": false,
            "set": [],
            "set_sensitive": [],
            "skip_crds": false,
            "status": "deployed",
            "timeout": 300,
            "values": [
              "dashboard.sessionTimeout: 14400"
            ],
            "verify": false,
            "version": "6.0.0",
            "wait": true,
            "wait_for_jobs": false
          },
          "sensitive_attributes": [],
          "private": "bnVsbA=="
        }
      ]
    },
    {
      "mode": "managed",
      "type": "kubectl_manifest",
      "name": "admin_account_creation_manifest",
      "provider": "provider[\"registry.terraform.io/gavinbunney/kubectl\"]",
      "instances": [
        {
          "index_key": "apiVersion: networking.k8s.io/v1\nkind: Ingress\n\nmetadata:\n    name: kubernetes-dashboard\n    namespace: kubernetes-dashboard\n    annotations:\n        traefik.ingress.kubernetes.io/router.entrypoints: web\n\nspec:\n    rules:\n        - host: dashboard.kubernetes.127.0.0.1.nip.io\n          http:\n              paths:\n                  - path: /\n                    pathType: Prefix\n                    backend:\n                        service:\n                            name: kubernetes-dashboard\n                            port:\n                                number: 443",
          "schema_version": 1,
          "attributes": {
            "api_version": "networking.k8s.io/v1",
            "apply_only": false,
            "force_conflicts": false,
            "force_new": false,
            "id": "/apis/networking.k8s.io/v1/namespaces/kubernetes-dashboard/ingresses/kubernetes-dashboard",
            "ignore_fields": null,
            "kind": "Ingress",
            "live_manifest_incluster": "abb40944da5589630ca75da7d309a28e6b4c162bac619b6a687b5cd0f4200a06",
            "live_uid": "e8d34908-6b7f-46ef-934f-85a6bf97bafd",
            "name": "kubernetes-dashboard",
            "namespace": "kubernetes-dashboard",
            "override_namespace": null,
            "sensitive_fields": null,
            "server_side_apply": false,
            "timeouts": null,
            "uid": "e8d34908-6b7f-46ef-934f-85a6bf97bafd",
            "validate_schema": true,
            "wait": null,
            "wait_for_rollout": true,
            "yaml_body": "apiVersion: networking.k8s.io/v1\nkind: Ingress\n\nmetadata:\n    name: kubernetes-dashboard\n    namespace: kubernetes-dashboard\n    annotations:\n        traefik.ingress.kubernetes.io/router.entrypoints: web\n\nspec:\n    rules:\n        - host: dashboard.kubernetes.127.0.0.1.nip.io\n          http:\n              paths:\n                  - path: /\n                    pathType: Prefix\n                    backend:\n                        service:\n                            name: kubernetes-dashboard\n                            port:\n                                number: 443",
            "yaml_body_parsed": "apiVersion: networking.k8s.io/v1\nkind: Ingress\nmetadata:\n  annotations:\n    traefik.ingress.kubernetes.io/router.entrypoints: web\n  name: kubernetes-dashboard\n  namespace: kubernetes-dashboard\nspec:\n  rules:\n  - host: dashboard.kubernetes.127.0.0.1.nip.io\n    http:\n      paths:\n      - backend:\n          service:\n            name: kubernetes-dashboard\n            port:\n              number: 443\n        path: /\n        pathType: Prefix\n",
            "yaml_incluster": "abb40944da5589630ca75da7d309a28e6b4c162bac619b6a687b5cd0f4200a06"
          },
          "sensitive_attributes": [],
          "private": "eyJlMmJmYjczMC1lY2FhLTExZTYtOGY4OC0zNDM2M2JjN2M0YzAiOnsiY3JlYXRlIjo2MDAwMDAwMDAwMDB9LCJzY2hlbWFfdmVyc2lvbiI6IjEifQ==",
          "dependencies": [
            "data.kubectl_path_documents.admin_account_creation_documents",
            "helm_release.kubernetes_dashboard"
          ]
        },
        {
          "index_key": "apiVersion: rbac.authorization.k8s.io/v1\nkind: ClusterRoleBinding\n\nmetadata:\n    name: admin-cluster-role-binding\n\nroleRef:\n    apiGroup: rbac.authorization.k8s.io\n    kind: ClusterRole\n    name: cluster-admin\n\nsubjects:\n    - kind: ServiceAccount\n      name: admin-service-account\n      namespace: kubernetes-dashboard",
          "schema_version": 1,
          "attributes": {
            "api_version": "rbac.authorization.k8s.io/v1",
            "apply_only": false,
            "force_conflicts": false,
            "force_new": false,
            "id": "/apis/rbac.authorization.k8s.io/v1/clusterrolebindings/admin-cluster-role-binding",
            "ignore_fields": null,
            "kind": "ClusterRoleBinding",
            "live_manifest_incluster": "f613dbe315712fbae949489c720e9c6cc7925bea05f46903c6fa6cb71b1a4073",
            "live_uid": "3df2eac7-a99d-4389-857b-ac7193a7e181",
            "name": "admin-cluster-role-binding",
            "namespace": null,
            "override_namespace": null,
            "sensitive_fields": null,
            "server_side_apply": false,
            "timeouts": null,
            "uid": "3df2eac7-a99d-4389-857b-ac7193a7e181",
            "validate_schema": true,
            "wait": null,
            "wait_for_rollout": true,
            "yaml_body": "apiVersion: rbac.authorization.k8s.io/v1\nkind: ClusterRoleBinding\n\nmetadata:\n    name: admin-cluster-role-binding\n\nroleRef:\n    apiGroup: rbac.authorization.k8s.io\n    kind: ClusterRole\n    name: cluster-admin\n\nsubjects:\n    - kind: ServiceAccount\n      name: admin-service-account\n      namespace: kubernetes-dashboard",
            "yaml_body_parsed": "apiVersion: rbac.authorization.k8s.io/v1\nkind: ClusterRoleBinding\nmetadata:\n  name: admin-cluster-role-binding\nroleRef:\n  apiGroup: rbac.authorization.k8s.io\n  kind: ClusterRole\n  name: cluster-admin\nsubjects:\n- kind: ServiceAccount\n  name: admin-service-account\n  namespace: kubernetes-dashboard\n",
            "yaml_incluster": "f613dbe315712fbae949489c720e9c6cc7925bea05f46903c6fa6cb71b1a4073"
          },
          "sensitive_attributes": [],
          "private": "eyJlMmJmYjczMC1lY2FhLTExZTYtOGY4OC0zNDM2M2JjN2M0YzAiOnsiY3JlYXRlIjo2MDAwMDAwMDAwMDB9LCJzY2hlbWFfdmVyc2lvbiI6IjEifQ==",
          "dependencies": [
            "data.kubectl_path_documents.admin_account_creation_documents",
            "helm_release.kubernetes_dashboard"
          ]
        },
        {
          "index_key": "apiVersion: v1\nkind: ServiceAccount\n\nmetadata:\n    name: admin-service-account\n    namespace: kubernetes-dashboard",
          "schema_version": 1,
          "attributes": {
            "api_version": "v1",
            "apply_only": false,
            "force_conflicts": false,
            "force_new": false,
            "id": "/api/v1/namespaces/kubernetes-dashboard/serviceaccounts/admin-service-account",
            "ignore_fields": null,
            "kind": "ServiceAccount",
            "live_manifest_incluster": "d750b7e1aee96c5b2165df48c27c878be0deb2a1bb5ab0252f9552c476d0adf8",
            "live_uid": "a2b340cc-fc3e-4e89-b54b-a4edb5904730",
            "name": "admin-service-account",
            "namespace": "kubernetes-dashboard",
            "override_namespace": null,
            "sensitive_fields": null,
            "server_side_apply": false,
            "timeouts": null,
            "uid": "a2b340cc-fc3e-4e89-b54b-a4edb5904730",
            "validate_schema": true,
            "wait": null,
            "wait_for_rollout": true,
            "yaml_body": "apiVersion: v1\nkind: ServiceAccount\n\nmetadata:\n    name: admin-service-account\n    namespace: kubernetes-dashboard",
            "yaml_body_parsed": "apiVersion: v1\nkind: ServiceAccount\nmetadata:\n  name: admin-service-account\n  namespace: kubernetes-dashboard\n",
            "yaml_incluster": "d750b7e1aee96c5b2165df48c27c878be0deb2a1bb5ab0252f9552c476d0adf8"
          },
          "sensitive_attributes": [],
          "private": "eyJlMmJmYjczMC1lY2FhLTExZTYtOGY4OC0zNDM2M2JjN2M0YzAiOnsiY3JlYXRlIjo2MDAwMDAwMDAwMDB9LCJzY2hlbWFfdmVyc2lvbiI6IjEifQ==",
          "dependencies": [
            "data.kubectl_path_documents.admin_account_creation_documents",
            "helm_release.kubernetes_dashboard"
          ]
        }
      ]
    }
  ],
  "check_results": null
}
